
Microsoft Visual Studio Solution File, Format Version 12.00
# Visual Studio 2013
VisualStudioVersion = 12.0.40629.0
MinimumVisualStudioVersion = 10.0.40219.1
Project("{FAE04EC0-301F-11D3-BF4B-00C04F79EFBC}") = "MariniImpianti", "MariniImpianto\MariniImpianti.csproj", "{B3BEACD0-1777-46C3-9C7D-0EED2812E792}"
EndProject
Project("{2150E333-8FDC-42A3-9474-1A3956D46DE8}") = "Solution Items", "Solution Items", "{BEB3CE9B-366C-4F72-B214-9C0802ACFB6F}"
EndProject
Project("{2150E333-8FDC-42A3-9474-1A3956D46DE8}") = "Resources", "Resources", "{95108C60-99EC-4A91-A01D-D579C090F332}"
	ProjectSection(SolutionItems) = preProject
		impianto-s.xml = impianto-s.xml
		Q:\VARIE\ael\new-project\doc\analisi\impianto.xml = Q:\VARIE\ael\new-project\doc\analisi\impianto.xml
		impianto.xsd = impianto.xsd
	EndProjectSection
EndProject
Project("{FAE04EC0-301F-11D3-BF4B-00C04F79EFBC}") = "MariniImpiantiTester", "MariniImpiantoTester\MariniImpiantiTester.csproj", "{04028D7C-8723-46C8-A1D6-F4DABF7097AF}"
EndProject
Project("{FAE04EC0-301F-11D3-BF4B-00C04F79EFBC}") = "MariniWcfService", "MariniWcfService\MariniWcfService.csproj", "{48CC5F71-95D5-459D-A58F-D6EC329D2742}"
EndProject
Project("{FAE04EC0-301F-11D3-BF4B-00C04F79EFBC}") = "MariniImpiantiWcfLib", "MariniImpiantiWcfLib\MariniImpiantiWcfLib.csproj", "{3EA9C122-4736-4A25-93B0-C35EF3C0D914}"
EndProject
Project("{FAE04EC0-301F-11D3-BF4B-00C04F79EFBC}") = "MariniImpiantiHost", "MariniImpiantiHost\MariniImpiantiHost.csproj", "{91904408-97AE-43C1-B5D7-211A611AD29F}"
EndProject
Global
	GlobalSection(SolutionConfigurationPlatforms) = preSolution
		Debug|Any CPU = Debug|Any CPU
		Release|Any CPU = Release|Any CPU
	EndGlobalSection
	GlobalSection(ProjectConfigurationPlatforms) = postSolution
		{B3BEACD0-1777-46C3-9C7D-0EED2812E792}.Debug|Any CPU.ActiveCfg = Debug|Any CPU
		{B3BEACD0-1777-46C3-9C7D-0EED2812E792}.Debug|Any CPU.Build.0 = Debug|Any CPU
		{B3BEACD0-1777-46C3-9C7D-0EED2812E792}.Release|Any CPU.ActiveCfg = Release|Any CPU
		{B3BEACD0-1777-46C3-9C7D-0EED2812E792}.Release|Any CPU.Build.0 = Release|Any CPU
		{04028D7C-8723-46C8-A1D6-F4DABF7097AF}.Debug|Any CPU.ActiveCfg = Debug|Any CPU
		{04028D7C-8723-46C8-A1D6-F4DABF7097AF}.Debug|Any CPU.Build.0 = Debug|Any CPU
		{04028D7C-8723-46C8-A1D6-F4DABF7097AF}.Release|Any CPU.ActiveCfg = Release|Any CPU
		{04028D7C-8723-46C8-A1D6-F4DABF7097AF}.Release|Any CPU.Build.0 = Release|Any CPU
		{48CC5F71-95D5-459D-A58F-D6EC329D2742}.Debug|Any CPU.ActiveCfg = Debug|Any CPU
		{48CC5F71-95D5-459D-A58F-D6EC329D2742}.Debug|Any CPU.Build.0 = Debug|Any CPU
		{48CC5F71-95D5-459D-A58F-D6EC329D2742}.Release|Any CPU.ActiveCfg = Release|Any CPU
		{48CC5F71-95D5-459D-A58F-D6EC329D2742}.Release|Any CPU.Build.0 = Release|Any CPU
		{3EA9C122-4736-4A25-93B0-C35EF3C0D914}.Debug|Any CPU.ActiveCfg = Debug|Any CPU
		{3EA9C122-4736-4A25-93B0-C35EF3C0D914}.Debug|Any CPU.Build.0 = Debug|Any CPU
		{3EA9C122-4736-4A25-93B0-C35EF3C0D914}.Release|Any CPU.ActiveCfg = Release|Any CPU
		{3EA9C122-4736-4A25-93B0-C35EF3C0D914}.Release|Any CPU.Build.0 = Release|Any CPU
		{91904408-97AE-43C1-B5D7-211A611AD29F}.Debug|Any CPU.ActiveCfg = Debug|Any CPU
		{91904408-97AE-43C1-B5D7-211A611AD29F}.Debug|Any CPU.Build.0 = Debug|Any CPU
		{91904408-97AE-43C1-B5D7-211A611AD29F}.Release|Any CPU.ActiveCfg = Release|Any CPU
		{91904408-97AE-43C1-B5D7-211A611AD29F}.Release|Any CPU.Build.0 = Release|Any CPU
	EndGlobalSection
	GlobalSection(SolutionProperties) = preSolution
		HideSolutionNode = FALSE
	EndGlobalSection
EndGlobal
